
Microsoft Visual Studio Solution File, Format Version 12.00
# Visual Studio Version 16
VisualStudioVersion = 16.0.30523.141
MinimumVisualStudioVersion = 10.0.40219.1
Project("{FAE04EC0-301F-11D3-BF4B-00C04F79EFBC}") = "HatChat", "HatChat\HatChat.csproj", "{845D15E3-5487-491C-B347-1018326BE0F1}"
EndProject
Global
	GlobalSection(SolutionConfigurationPlatforms) = preSolution
		Debug|Any CPU = Debug|Any CPU
		Release|Any CPU = Release|Any CPU
	EndGlobalSection
	GlobalSection(ProjectConfigurationPlatforms) = postSolution
		{845D15E3-5487-491C-B347-1018326BE0F1}.Debug|Any CPU.ActiveCfg = Debug|Any CPU
		{845D15E3-5487-491C-B347-1018326BE0F1}.Debug|Any CPU.Build.0 = Debug|Any CPU
		{845D15E3-5487-491C-B347-1018326BE0F1}.Release|Any CPU.ActiveCfg = Release|Any CPU
		{845D15E3-5487-491C-B347-1018326BE0F1}.Release|Any CPU.Build.0 = Release|Any CPU
	EndGlobalSection
	GlobalSection(SolutionProperties) = preSolution
		HideSolutionNode = FALSE
	EndGlobalSection
	GlobalSection(ExtensibilityGlobals) = postSolution
		SolutionGuid = {7ADF8033-9184-4828-95BA-074093EC419E}
	EndGlobalSection
EndGlobal
