
Microsoft Visual Studio Solution File, Format Version 12.00
# Visual Studio Version 16
VisualStudioVersion = 16.0.30523.141
MinimumVisualStudioVersion = 10.0.40219.1
Project("{FAE04EC0-301F-11D3-BF4B-00C04F79EFBC}") = "Lab.UWP", "Lab\Lab.UWP\Lab.UWP.csproj", "{A0675AC7-18C8-4439-ABFF-DB1065659947}"
EndProject
Project("{FAE04EC0-301F-11D3-BF4B-00C04F79EFBC}") = "Lab.Android", "Lab\Lab.Android\Lab.Android.csproj", "{3E4E4216-6A0C-44FF-AB0E-8D0356FC1F26}"
EndProject
Project("{FAE04EC0-301F-11D3-BF4B-00C04F79EFBC}") = "Lab.iOS", "Lab\Lab.iOS\Lab.iOS.csproj", "{E5422F76-ADF1-487C-ADC5-169815CD2CD1}"
EndProject
Project("{9A19103F-16F7-4668-BE54-9A1E7A4F7556}") = "Lab", "Lab\Lab\Lab.csproj", "{B377390C-D0DA-436F-BC1A-3F1B0EFBF6CB}"
EndProject
Project("{2150E333-8FDC-42A3-9474-1A3956D46DE8}") = "Solution Items", "Solution Items", "{6212242C-0578-4EA6-B6A9-87940087B555}"
	ProjectSection(SolutionItems) = preProject
		.editorconfig = .editorconfig
	EndProjectSection
EndProject
Project("{FAE04EC0-301F-11D3-BF4B-00C04F79EFBC}") = "Lab.DTO", "Lab.DTO\Lab.DTO.csproj", "{F41FE8FD-C63B-43CC-8FCB-A4291988026E}"
EndProject
Global
	GlobalSection(SolutionConfigurationPlatforms) = preSolution
		Debug|Any CPU = Debug|Any CPU
		Debug|ARM = Debug|ARM
		Debug|iPhone = Debug|iPhone
		Debug|iPhoneSimulator = Debug|iPhoneSimulator
		Debug|x64 = Debug|x64
		Debug|x86 = Debug|x86
		Release|Any CPU = Release|Any CPU
		Release|ARM = Release|ARM
		Release|iPhone = Release|iPhone
		Release|iPhoneSimulator = Release|iPhoneSimulator
		Release|x64 = Release|x64
		Release|x86 = Release|x86
	EndGlobalSection
	GlobalSection(ProjectConfigurationPlatforms) = postSolution
		{A0675AC7-18C8-4439-ABFF-DB1065659947}.Debug|Any CPU.ActiveCfg = Debug|x86
		{A0675AC7-18C8-4439-ABFF-DB1065659947}.Debug|Any CPU.Build.0 = Debug|x86
		{A0675AC7-18C8-4439-ABFF-DB1065659947}.Debug|Any CPU.Deploy.0 = Debug|x86
		{A0675AC7-18C8-4439-ABFF-DB1065659947}.Debug|ARM.ActiveCfg = Debug|ARM
		{A0675AC7-18C8-4439-ABFF-DB1065659947}.Debug|ARM.Build.0 = Debug|ARM
		{A0675AC7-18C8-4439-ABFF-DB1065659947}.Debug|ARM.Deploy.0 = Debug|ARM
		{A0675AC7-18C8-4439-ABFF-DB1065659947}.Debug|iPhone.ActiveCfg = Debug|x86
		{A0675AC7-18C8-4439-ABFF-DB1065659947}.Debug|iPhone.Build.0 = Debug|x86
		{A0675AC7-18C8-4439-ABFF-DB1065659947}.Debug|iPhone.Deploy.0 = Debug|x86
		{A0675AC7-18C8-4439-ABFF-DB1065659947}.Debug|iPhoneSimulator.ActiveCfg = Debug|x86
		{A0675AC7-18C8-4439-ABFF-DB1065659947}.Debug|iPhoneSimulator.Build.0 = Debug|x86
		{A0675AC7-18C8-4439-ABFF-DB1065659947}.Debug|iPhoneSimulator.Deploy.0 = Debug|x86
		{A0675AC7-18C8-4439-ABFF-DB1065659947}.Debug|x64.ActiveCfg = Debug|x64
		{A0675AC7-18C8-4439-ABFF-DB1065659947}.Debug|x64.Build.0 = Debug|x64
		{A0675AC7-18C8-4439-ABFF-DB1065659947}.Debug|x64.Deploy.0 = Debug|x64
		{A0675AC7-18C8-4439-ABFF-DB1065659947}.Debug|x86.ActiveCfg = Debug|x86
		{A0675AC7-18C8-4439-ABFF-DB1065659947}.Debug|x86.Build.0 = Debug|x86
		{A0675AC7-18C8-4439-ABFF-DB1065659947}.Debug|x86.Deploy.0 = Debug|x86
		{A0675AC7-18C8-4439-ABFF-DB1065659947}.Release|Any CPU.ActiveCfg = Release|x86
		{A0675AC7-18C8-4439-ABFF-DB1065659947}.Release|Any CPU.Build.0 = Release|x86
		{A0675AC7-18C8-4439-ABFF-DB1065659947}.Release|Any CPU.Deploy.0 = Release|x86
		{A0675AC7-18C8-4439-ABFF-DB1065659947}.Release|ARM.ActiveCfg = Release|ARM
		{A0675AC7-18C8-4439-ABFF-DB1065659947}.Release|ARM.Build.0 = Release|ARM
		{A0675AC7-18C8-4439-ABFF-DB1065659947}.Release|ARM.Deploy.0 = Release|ARM
		{A0675AC7-18C8-4439-ABFF-DB1065659947}.Release|iPhone.ActiveCfg = Release|x86
		{A0675AC7-18C8-4439-ABFF-DB1065659947}.Release|iPhone.Build.0 = Release|x86
		{A0675AC7-18C8-4439-ABFF-DB1065659947}.Release|iPhone.Deploy.0 = Release|x86
		{A0675AC7-18C8-4439-ABFF-DB1065659947}.Release|iPhoneSimulator.ActiveCfg = Release|x86
		{A0675AC7-18C8-4439-ABFF-DB1065659947}.Release|iPhoneSimulator.Build.0 = Release|x86
		{A0675AC7-18C8-4439-ABFF-DB1065659947}.Release|iPhoneSimulator.Deploy.0 = Release|x86
		{A0675AC7-18C8-4439-ABFF-DB1065659947}.Release|x64.ActiveCfg = Release|x64
		{A0675AC7-18C8-4439-ABFF-DB1065659947}.Release|x64.Build.0 = Release|x64
		{A0675AC7-18C8-4439-ABFF-DB1065659947}.Release|x64.Deploy.0 = Release|x64
		{A0675AC7-18C8-4439-ABFF-DB1065659947}.Release|x86.ActiveCfg = Release|x86
		{A0675AC7-18C8-4439-ABFF-DB1065659947}.Release|x86.Build.0 = Release|x86
		{A0675AC7-18C8-4439-ABFF-DB1065659947}.Release|x86.Deploy.0 = Release|x86
		{3E4E4216-6A0C-44FF-AB0E-8D0356FC1F26}.Debug|Any CPU.ActiveCfg = Debug|Any CPU
		{3E4E4216-6A0C-44FF-AB0E-8D0356FC1F26}.Debug|Any CPU.Build.0 = Debug|Any CPU
		{3E4E4216-6A0C-44FF-AB0E-8D0356FC1F26}.Debug|Any CPU.Deploy.0 = Debug|Any CPU
		{3E4E4216-6A0C-44FF-AB0E-8D0356FC1F26}.Debug|ARM.ActiveCfg = Debug|Any CPU
		{3E4E4216-6A0C-44FF-AB0E-8D0356FC1F26}.Debug|ARM.Build.0 = Debug|Any CPU
		{3E4E4216-6A0C-44FF-AB0E-8D0356FC1F26}.Debug|ARM.Deploy.0 = Debug|Any CPU
		{3E4E4216-6A0C-44FF-AB0E-8D0356FC1F26}.Debug|iPhone.ActiveCfg = Debug|Any CPU
		{3E4E4216-6A0C-44FF-AB0E-8D0356FC1F26}.Debug|iPhone.Build.0 = Debug|Any CPU
		{3E4E4216-6A0C-44FF-AB0E-8D0356FC1F26}.Debug|iPhone.Deploy.0 = Debug|Any CPU
		{3E4E4216-6A0C-44FF-AB0E-8D0356FC1F26}.Debug|iPhoneSimulator.ActiveCfg = Debug|Any CPU
		{3E4E4216-6A0C-44FF-AB0E-8D0356FC1F26}.Debug|iPhoneSimulator.Build.0 = Debug|Any CPU
		{3E4E4216-6A0C-44FF-AB0E-8D0356FC1F26}.Debug|iPhoneSimulator.Deploy.0 = Debug|Any CPU
		{3E4E4216-6A0C-44FF-AB0E-8D0356FC1F26}.Debug|x64.ActiveCfg = Debug|Any CPU
		{3E4E4216-6A0C-44FF-AB0E-8D0356FC1F26}.Debug|x64.Build.0 = Debug|Any CPU
		{3E4E4216-6A0C-44FF-AB0E-8D0356FC1F26}.Debug|x64.Deploy.0 = Debug|Any CPU
		{3E4E4216-6A0C-44FF-AB0E-8D0356FC1F26}.Debug|x86.ActiveCfg = Debug|Any CPU
		{3E4E4216-6A0C-44FF-AB0E-8D0356FC1F26}.Debug|x86.Build.0 = Debug|Any CPU
		{3E4E4216-6A0C-44FF-AB0E-8D0356FC1F26}.Debug|x86.Deploy.0 = Debug|Any CPU
		{3E4E4216-6A0C-44FF-AB0E-8D0356FC1F26}.Release|Any CPU.ActiveCfg = Release|Any CPU
		{3E4E4216-6A0C-44FF-AB0E-8D0356FC1F26}.Release|Any CPU.Build.0 = Release|Any CPU
		{3E4E4216-6A0C-44FF-AB0E-8D0356FC1F26}.Release|Any CPU.Deploy.0 = Release|Any CPU
		{3E4E4216-6A0C-44FF-AB0E-8D0356FC1F26}.Release|ARM.ActiveCfg = Release|Any CPU
		{3E4E4216-6A0C-44FF-AB0E-8D0356FC1F26}.Release|ARM.Build.0 = Release|Any CPU
		{3E4E4216-6A0C-44FF-AB0E-8D0356FC1F26}.Release|ARM.Deploy.0 = Release|Any CPU
		{3E4E4216-6A0C-44FF-AB0E-8D0356FC1F26}.Release|iPhone.ActiveCfg = Release|Any CPU
		{3E4E4216-6A0C-44FF-AB0E-8D0356FC1F26}.Release|iPhone.Build.0 = Release|Any CPU
		{3E4E4216-6A0C-44FF-AB0E-8D0356FC1F26}.Release|iPhone.Deploy.0 = Release|Any CPU
		{3E4E4216-6A0C-44FF-AB0E-8D0356FC1F26}.Release|iPhoneSimulator.ActiveCfg = Release|Any CPU
		{3E4E4216-6A0C-44FF-AB0E-8D0356FC1F26}.Release|iPhoneSimulator.Build.0 = Release|Any CPU
		{3E4E4216-6A0C-44FF-AB0E-8D0356FC1F26}.Release|iPhoneSimulator.Deploy.0 = Release|Any CPU
		{3E4E4216-6A0C-44FF-AB0E-8D0356FC1F26}.Release|x64.ActiveCfg = Release|Any CPU
		{3E4E4216-6A0C-44FF-AB0E-8D0356FC1F26}.Release|x64.Build.0 = Release|Any CPU
		{3E4E4216-6A0C-44FF-AB0E-8D0356FC1F26}.Release|x64.Deploy.0 = Release|Any CPU
		{3E4E4216-6A0C-44FF-AB0E-8D0356FC1F26}.Release|x86.ActiveCfg = Release|Any CPU
		{3E4E4216-6A0C-44FF-AB0E-8D0356FC1F26}.Release|x86.Build.0 = Release|Any CPU
		{3E4E4216-6A0C-44FF-AB0E-8D0356FC1F26}.Release|x86.Deploy.0 = Release|Any CPU
		{E5422F76-ADF1-487C-ADC5-169815CD2CD1}.Debug|Any CPU.ActiveCfg = Debug|iPhoneSimulator
		{E5422F76-ADF1-487C-ADC5-169815CD2CD1}.Debug|Any CPU.Build.0 = Debug|iPhoneSimulator
		{E5422F76-ADF1-487C-ADC5-169815CD2CD1}.Debug|Any CPU.Deploy.0 = Debug|iPhoneSimulator
		{E5422F76-ADF1-487C-ADC5-169815CD2CD1}.Debug|ARM.ActiveCfg = Debug|iPhone
		{E5422F76-ADF1-487C-ADC5-169815CD2CD1}.Debug|ARM.Build.0 = Debug|iPhone
		{E5422F76-ADF1-487C-ADC5-169815CD2CD1}.Debug|ARM.Deploy.0 = Debug|iPhone
		{E5422F76-ADF1-487C-ADC5-169815CD2CD1}.Debug|iPhone.ActiveCfg = Debug|iPhone
		{E5422F76-ADF1-487C-ADC5-169815CD2CD1}.Debug|iPhone.Build.0 = Debug|iPhone
		{E5422F76-ADF1-487C-ADC5-169815CD2CD1}.Debug|iPhone.Deploy.0 = Debug|iPhone
		{E5422F76-ADF1-487C-ADC5-169815CD2CD1}.Debug|iPhoneSimulator.ActiveCfg = Debug|iPhoneSimulator
		{E5422F76-ADF1-487C-ADC5-169815CD2CD1}.Debug|iPhoneSimulator.Build.0 = Debug|iPhoneSimulator
		{E5422F76-ADF1-487C-ADC5-169815CD2CD1}.Debug|iPhoneSimulator.Deploy.0 = Debug|iPhoneSimulator
		{E5422F76-ADF1-487C-ADC5-169815CD2CD1}.Debug|x64.ActiveCfg = Debug|iPhoneSimulator
		{E5422F76-ADF1-487C-ADC5-169815CD2CD1}.Debug|x64.Build.0 = Debug|iPhoneSimulator
		{E5422F76-ADF1-487C-ADC5-169815CD2CD1}.Debug|x64.Deploy.0 = Debug|iPhoneSimulator
		{E5422F76-ADF1-487C-ADC5-169815CD2CD1}.Debug|x86.ActiveCfg = Debug|iPhoneSimulator
		{E5422F76-ADF1-487C-ADC5-169815CD2CD1}.Debug|x86.Build.0 = Debug|iPhoneSimulator
		{E5422F76-ADF1-487C-ADC5-169815CD2CD1}.Debug|x86.Deploy.0 = Debug|iPhoneSimulator
		{E5422F76-ADF1-487C-ADC5-169815CD2CD1}.Release|Any CPU.ActiveCfg = Release|iPhoneSimulator
		{E5422F76-ADF1-487C-ADC5-169815CD2CD1}.Release|Any CPU.Build.0 = Release|iPhoneSimulator
		{E5422F76-ADF1-487C-ADC5-169815CD2CD1}.Release|Any CPU.Deploy.0 = Release|iPhoneSimulator
		{E5422F76-ADF1-487C-ADC5-169815CD2CD1}.Release|ARM.ActiveCfg = Release|iPhoneSimulator
		{E5422F76-ADF1-487C-ADC5-169815CD2CD1}.Release|ARM.Build.0 = Release|iPhoneSimulator
		{E5422F76-ADF1-487C-ADC5-169815CD2CD1}.Release|ARM.Deploy.0 = Release|iPhoneSimulator
		{E5422F76-ADF1-487C-ADC5-169815CD2CD1}.Release|iPhone.ActiveCfg = Release|iPhone
		{E5422F76-ADF1-487C-ADC5-169815CD2CD1}.Release|iPhone.Build.0 = Release|iPhone
		{E5422F76-ADF1-487C-ADC5-169815CD2CD1}.Release|iPhone.Deploy.0 = Release|iPhone
		{E5422F76-ADF1-487C-ADC5-169815CD2CD1}.Release|iPhoneSimulator.ActiveCfg = Release|iPhoneSimulator
		{E5422F76-ADF1-487C-ADC5-169815CD2CD1}.Release|iPhoneSimulator.Build.0 = Release|iPhoneSimulator
		{E5422F76-ADF1-487C-ADC5-169815CD2CD1}.Release|iPhoneSimulator.Deploy.0 = Release|iPhoneSimulator
		{E5422F76-ADF1-487C-ADC5-169815CD2CD1}.Release|x64.ActiveCfg = Release|iPhoneSimulator
		{E5422F76-ADF1-487C-ADC5-169815CD2CD1}.Release|x64.Build.0 = Release|iPhoneSimulator
		{E5422F76-ADF1-487C-ADC5-169815CD2CD1}.Release|x64.Deploy.0 = Release|iPhoneSimulator
		{E5422F76-ADF1-487C-ADC5-169815CD2CD1}.Release|x86.ActiveCfg = Release|iPhoneSimulator
		{E5422F76-ADF1-487C-ADC5-169815CD2CD1}.Release|x86.Build.0 = Release|iPhoneSimulator
		{E5422F76-ADF1-487C-ADC5-169815CD2CD1}.Release|x86.Deploy.0 = Release|iPhoneSimulator
		{B377390C-D0DA-436F-BC1A-3F1B0EFBF6CB}.Debug|Any CPU.ActiveCfg = Debug|Any CPU
		{B377390C-D0DA-436F-BC1A-3F1B0EFBF6CB}.Debug|Any CPU.Build.0 = Debug|Any CPU
		{B377390C-D0DA-436F-BC1A-3F1B0EFBF6CB}.Debug|Any CPU.Deploy.0 = Debug|Any CPU
		{B377390C-D0DA-436F-BC1A-3F1B0EFBF6CB}.Debug|ARM.ActiveCfg = Debug|Any CPU
		{B377390C-D0DA-436F-BC1A-3F1B0EFBF6CB}.Debug|ARM.Build.0 = Debug|Any CPU
		{B377390C-D0DA-436F-BC1A-3F1B0EFBF6CB}.Debug|ARM.Deploy.0 = Debug|Any CPU
		{B377390C-D0DA-436F-BC1A-3F1B0EFBF6CB}.Debug|iPhone.ActiveCfg = Debug|Any CPU
		{B377390C-D0DA-436F-BC1A-3F1B0EFBF6CB}.Debug|iPhone.Build.0 = Debug|Any CPU
		{B377390C-D0DA-436F-BC1A-3F1B0EFBF6CB}.Debug|iPhone.Deploy.0 = Debug|Any CPU
		{B377390C-D0DA-436F-BC1A-3F1B0EFBF6CB}.Debug|iPhoneSimulator.ActiveCfg = Debug|Any CPU
		{B377390C-D0DA-436F-BC1A-3F1B0EFBF6CB}.Debug|iPhoneSimulator.Build.0 = Debug|Any CPU
		{B377390C-D0DA-436F-BC1A-3F1B0EFBF6CB}.Debug|iPhoneSimulator.Deploy.0 = Debug|Any CPU
		{B377390C-D0DA-436F-BC1A-3F1B0EFBF6CB}.Debug|x64.ActiveCfg = Debug|Any CPU
		{B377390C-D0DA-436F-BC1A-3F1B0EFBF6CB}.Debug|x64.Build.0 = Debug|Any CPU
		{B377390C-D0DA-436F-BC1A-3F1B0EFBF6CB}.Debug|x64.Deploy.0 = Debug|Any CPU
		{B377390C-D0DA-436F-BC1A-3F1B0EFBF6CB}.Debug|x86.ActiveCfg = Debug|Any CPU
		{B377390C-D0DA-436F-BC1A-3F1B0EFBF6CB}.Debug|x86.Build.0 = Debug|Any CPU
		{B377390C-D0DA-436F-BC1A-3F1B0EFBF6CB}.Debug|x86.Deploy.0 = Debug|Any CPU
		{B377390C-D0DA-436F-BC1A-3F1B0EFBF6CB}.Release|Any CPU.ActiveCfg = Release|Any CPU
		{B377390C-D0DA-436F-BC1A-3F1B0EFBF6CB}.Release|Any CPU.Build.0 = Release|Any CPU
		{B377390C-D0DA-436F-BC1A-3F1B0EFBF6CB}.Release|Any CPU.Deploy.0 = Release|Any CPU
		{B377390C-D0DA-436F-BC1A-3F1B0EFBF6CB}.Release|ARM.ActiveCfg = Release|Any CPU
		{B377390C-D0DA-436F-BC1A-3F1B0EFBF6CB}.Release|ARM.Build.0 = Release|Any CPU
		{B377390C-D0DA-436F-BC1A-3F1B0EFBF6CB}.Release|ARM.Deploy.0 = Release|Any CPU
		{B377390C-D0DA-436F-BC1A-3F1B0EFBF6CB}.Release|iPhone.ActiveCfg = Release|Any CPU
		{B377390C-D0DA-436F-BC1A-3F1B0EFBF6CB}.Release|iPhone.Build.0 = Release|Any CPU
		{B377390C-D0DA-436F-BC1A-3F1B0EFBF6CB}.Release|iPhone.Deploy.0 = Release|Any CPU
		{B377390C-D0DA-436F-BC1A-3F1B0EFBF6CB}.Release|iPhoneSimulator.ActiveCfg = Release|Any CPU
		{B377390C-D0DA-436F-BC1A-3F1B0EFBF6CB}.Release|iPhoneSimulator.Build.0 = Release|Any CPU
		{B377390C-D0DA-436F-BC1A-3F1B0EFBF6CB}.Release|iPhoneSimulator.Deploy.0 = Release|Any CPU
		{B377390C-D0DA-436F-BC1A-3F1B0EFBF6CB}.Release|x64.ActiveCfg = Release|Any CPU
		{B377390C-D0DA-436F-BC1A-3F1B0EFBF6CB}.Release|x64.Build.0 = Release|Any CPU
		{B377390C-D0DA-436F-BC1A-3F1B0EFBF6CB}.Release|x64.Deploy.0 = Release|Any CPU
		{B377390C-D0DA-436F-BC1A-3F1B0EFBF6CB}.Release|x86.ActiveCfg = Release|Any CPU
		{B377390C-D0DA-436F-BC1A-3F1B0EFBF6CB}.Release|x86.Build.0 = Release|Any CPU
		{B377390C-D0DA-436F-BC1A-3F1B0EFBF6CB}.Release|x86.Deploy.0 = Release|Any CPU
		{F41FE8FD-C63B-43CC-8FCB-A4291988026E}.Debug|Any CPU.ActiveCfg = Debug|Any CPU
		{F41FE8FD-C63B-43CC-8FCB-A4291988026E}.Debug|Any CPU.Build.0 = Debug|Any CPU
		{F41FE8FD-C63B-43CC-8FCB-A4291988026E}.Debug|ARM.ActiveCfg = Debug|Any CPU
		{F41FE8FD-C63B-43CC-8FCB-A4291988026E}.Debug|ARM.Build.0 = Debug|Any CPU
		{F41FE8FD-C63B-43CC-8FCB-A4291988026E}.Debug|iPhone.ActiveCfg = Debug|Any CPU
		{F41FE8FD-C63B-43CC-8FCB-A4291988026E}.Debug|iPhone.Build.0 = Debug|Any CPU
		{F41FE8FD-C63B-43CC-8FCB-A4291988026E}.Debug|iPhoneSimulator.ActiveCfg = Debug|Any CPU
		{F41FE8FD-C63B-43CC-8FCB-A4291988026E}.Debug|iPhoneSimulator.Build.0 = Debug|Any CPU
		{F41FE8FD-C63B-43CC-8FCB-A4291988026E}.Debug|x64.ActiveCfg = Debug|Any CPU
		{F41FE8FD-C63B-43CC-8FCB-A4291988026E}.Debug|x64.Build.0 = Debug|Any CPU
		{F41FE8FD-C63B-43CC-8FCB-A4291988026E}.Debug|x86.ActiveCfg = Debug|Any CPU
		{F41FE8FD-C63B-43CC-8FCB-A4291988026E}.Debug|x86.Build.0 = Debug|Any CPU
		{F41FE8FD-C63B-43CC-8FCB-A4291988026E}.Release|Any CPU.ActiveCfg = Release|Any CPU
		{F41FE8FD-C63B-43CC-8FCB-A4291988026E}.Release|Any CPU.Build.0 = Release|Any CPU
		{F41FE8FD-C63B-43CC-8FCB-A4291988026E}.Release|ARM.ActiveCfg = Release|Any CPU
		{F41FE8FD-C63B-43CC-8FCB-A4291988026E}.Release|ARM.Build.0 = Release|Any CPU
		{F41FE8FD-C63B-43CC-8FCB-A4291988026E}.Release|iPhone.ActiveCfg = Release|Any CPU
		{F41FE8FD-C63B-43CC-8FCB-A4291988026E}.Release|iPhone.Build.0 = Release|Any CPU
		{F41FE8FD-C63B-43CC-8FCB-A4291988026E}.Release|iPhoneSimulator.ActiveCfg = Release|Any CPU
		{F41FE8FD-C63B-43CC-8FCB-A4291988026E}.Release|iPhoneSimulator.Build.0 = Release|Any CPU
		{F41FE8FD-C63B-43CC-8FCB-A4291988026E}.Release|x64.ActiveCfg = Release|Any CPU
		{F41FE8FD-C63B-43CC-8FCB-A4291988026E}.Release|x64.Build.0 = Release|Any CPU
		{F41FE8FD-C63B-43CC-8FCB-A4291988026E}.Release|x86.ActiveCfg = Release|Any CPU
		{F41FE8FD-C63B-43CC-8FCB-A4291988026E}.Release|x86.Build.0 = Release|Any CPU
	EndGlobalSection
	GlobalSection(SolutionProperties) = preSolution
		HideSolutionNode = FALSE
	EndGlobalSection
	GlobalSection(ExtensibilityGlobals) = postSolution
		SolutionGuid = {2644C82F-0110-4608-BCA2-DEB066D719ED}
	EndGlobalSection
EndGlobal
